
Microsoft Visual Studio Solution File, Format Version 12.00
# Visual Studio 2013
VisualStudioVersion = 12.0.40302.0
MinimumVisualStudioVersion = 10.0.40219.1
Project("{FAE04EC0-301F-11D3-BF4B-00C04F79EFBC}") = "Pardo.Doodle.Core", "Pardo.Doodle.Core\Pardo.Doodle.Core.csproj", "{94445A08-82E9-4425-8BA8-CB0A7698E940}"
EndProject
Project("{FAE04EC0-301F-11D3-BF4B-00C04F79EFBC}") = "Pardo.Doodle.Infrastructure", "Pardo.Doodle.Infrastructure\Pardo.Doodle.Infrastructure.csproj", "{3FFC971E-1EE4-4166-A1B5-A4995DF24C00}"
EndProject
Project("{FAE04EC0-301F-11D3-BF4B-00C04F79EFBC}") = "Pardo.Doodle.UnitTests", "Pardo.Doodle.UnitTests\Pardo.Doodle.UnitTests.csproj", "{FCAB0B1E-5AD7-456F-8FF4-2BEE3CAA83ED}"
EndProject
Global
	GlobalSection(SolutionConfigurationPlatforms) = preSolution
		Debug|Any CPU = Debug|Any CPU
		Release|Any CPU = Release|Any CPU
	EndGlobalSection
	GlobalSection(ProjectConfigurationPlatforms) = postSolution
		{94445A08-82E9-4425-8BA8-CB0A7698E940}.Debug|Any CPU.ActiveCfg = Debug|Any CPU
		{94445A08-82E9-4425-8BA8-CB0A7698E940}.Debug|Any CPU.Build.0 = Debug|Any CPU
		{94445A08-82E9-4425-8BA8-CB0A7698E940}.Release|Any CPU.ActiveCfg = Release|Any CPU
		{94445A08-82E9-4425-8BA8-CB0A7698E940}.Release|Any CPU.Build.0 = Release|Any CPU
		{3FFC971E-1EE4-4166-A1B5-A4995DF24C00}.Debug|Any CPU.ActiveCfg = Debug|Any CPU
		{3FFC971E-1EE4-4166-A1B5-A4995DF24C00}.Debug|Any CPU.Build.0 = Debug|Any CPU
		{3FFC971E-1EE4-4166-A1B5-A4995DF24C00}.Release|Any CPU.ActiveCfg = Release|Any CPU
		{3FFC971E-1EE4-4166-A1B5-A4995DF24C00}.Release|Any CPU.Build.0 = Release|Any CPU
		{FCAB0B1E-5AD7-456F-8FF4-2BEE3CAA83ED}.Debug|Any CPU.ActiveCfg = Debug|Any CPU
		{FCAB0B1E-5AD7-456F-8FF4-2BEE3CAA83ED}.Debug|Any CPU.Build.0 = Debug|Any CPU
		{FCAB0B1E-5AD7-456F-8FF4-2BEE3CAA83ED}.Release|Any CPU.ActiveCfg = Release|Any CPU
		{FCAB0B1E-5AD7-456F-8FF4-2BEE3CAA83ED}.Release|Any CPU.Build.0 = Release|Any CPU
	EndGlobalSection
	GlobalSection(SolutionProperties) = preSolution
		HideSolutionNode = FALSE
	EndGlobalSection
EndGlobal
